// !$*UTF8*$!
{
	archiveVersion = 1;
	classes = {
	};
	objectVersion = 46;
	objects = {

/* Begin PBXBuildFile section */
		341C36761A23EF1A00CA10AB /* UIColor+Additions.m in Sources */ = {isa = PBXBuildFile; fileRef = 341C36751A23EF1A00CA10AB /* UIColor+Additions.m */; };
		34E77AD01A211A150083241E /* AppDelegate.swift in Sources */ = {isa = PBXBuildFile; fileRef = 34E77ACF1A211A150083241E /* AppDelegate.swift */; };
		34E77AD21A211A150083241E /* ViewController.swift in Sources */ = {isa = PBXBuildFile; fileRef = 34E77AD11A211A150083241E /* ViewController.swift */; };
		34E77AD51A211A150083241E /* Main.storyboard in Resources */ = {isa = PBXBuildFile; fileRef = 34E77AD31A211A150083241E /* Main.storyboard */; };
		34E77AD71A211A150083241E /* Images.xcassets in Resources */ = {isa = PBXBuildFile; fileRef = 34E77AD61A211A150083241E /* Images.xcassets */; };
		34E77ADA1A211A150083241E /* LaunchScreen.xib in Resources */ = {isa = PBXBuildFile; fileRef = 34E77AD81A211A150083241E /* LaunchScreen.xib */; };
		34E77AE61A211A150083241E /* WatchNotesTests.swift in Sources */ = {isa = PBXBuildFile; fileRef = 34E77AE51A211A150083241E /* WatchNotesTests.swift */; };
		34E77AF71A211B800083241E /* WatchKit.framework in Frameworks */ = {isa = PBXBuildFile; fileRef = 34E77AF61A211B800083241E /* WatchKit.framework */; };
		34E77AFD1A211B800083241E /* InterfaceController.swift in Sources */ = {isa = PBXBuildFile; fileRef = 34E77AFC1A211B800083241E /* InterfaceController.swift */; };
		34E77AFF1A211B800083241E /* NotificationController.swift in Sources */ = {isa = PBXBuildFile; fileRef = 34E77AFE1A211B800083241E /* NotificationController.swift */; };
		34E77B011A211B800083241E /* Images.xcassets in Resources */ = {isa = PBXBuildFile; fileRef = 34E77B001A211B800083241E /* Images.xcassets */; };
		34E77B051A211B800083241E /* WatchNotes Watch App.app in Resources */ = {isa = PBXBuildFile; fileRef = 34E77B041A211B800083241E /* WatchNotes Watch App.app */; };
		34E77B0C1A211B800083241E /* Interface.storyboard in Resources */ = {isa = PBXBuildFile; fileRef = 34E77B0B1A211B800083241E /* Interface.storyboard */; };
		34E77B0E1A211B800083241E /* Images.xcassets in Resources */ = {isa = PBXBuildFile; fileRef = 34E77B0D1A211B800083241E /* Images.xcassets */; };
		34E77B111A211B800083241E /* WatchNotes WatchKit Extension.appex in Embed App Extensions */ = {isa = PBXBuildFile; fileRef = 34E77AF41A211B800083241E /* WatchNotes WatchKit Extension.appex */; settings = {ATTRIBUTES = (RemoveHeadersOnCopy, ); }; };
		34E77B1B1A211DBD0083241E /* NotesTableRowController.swift in Sources */ = {isa = PBXBuildFile; fileRef = 34E77B1A1A211DBD0083241E /* NotesTableRowController.swift */; };
		34E77B1D1A2171930083241E /* NotesTableViewController.swift in Sources */ = {isa = PBXBuildFile; fileRef = 34E77B1C1A2171930083241E /* NotesTableViewController.swift */; };
/* End PBXBuildFile section */

/* Begin PBXContainerItemProxy section */
		34E77AE01A211A150083241E /* PBXContainerItemProxy */ = {
			isa = PBXContainerItemProxy;
			containerPortal = 34E77AC21A211A150083241E /* Project object */;
			proxyType = 1;
			remoteGlobalIDString = 34E77AC91A211A150083241E;
			remoteInfo = WatchNotes;
		};
		34E77B061A211B800083241E /* PBXContainerItemProxy */ = {
			isa = PBXContainerItemProxy;
			containerPortal = 34E77AC21A211A150083241E /* Project object */;
			proxyType = 1;
			remoteGlobalIDString = 34E77B031A211B800083241E;
			remoteInfo = "WatchNotes Watch App";
		};
		34E77B0F1A211B800083241E /* PBXContainerItemProxy */ = {
			isa = PBXContainerItemProxy;
			containerPortal = 34E77AC21A211A150083241E /* Project object */;
			proxyType = 1;
			remoteGlobalIDString = 34E77AF31A211B800083241E;
			remoteInfo = "WatchNotes WatchKit Extension";
		};
/* End PBXContainerItemProxy section */

/* Begin PBXCopyFilesBuildPhase section */
		34E77B181A211B800083241E /* Embed App Extensions */ = {
			isa = PBXCopyFilesBuildPhase;
			buildActionMask = 2147483647;
			dstPath = "";
			dstSubfolderSpec = 13;
			files = (
				34E77B111A211B800083241E /* WatchNotes WatchKit Extension.appex in Embed App Extensions */,
			);
			name = "Embed App Extensions";
			runOnlyForDeploymentPostprocessing = 0;
		};
/* End PBXCopyFilesBuildPhase section */

/* Begin PBXFileReference section */
		341C36731A23EF1900CA10AB /* WatchNotes-Bridging-Header.h */ = {isa = PBXFileReference; lastKnownFileType = sourcecode.c.h; path = "WatchNotes-Bridging-Header.h"; sourceTree = "<group>"; };
		341C36741A23EF1A00CA10AB /* UIColor+Additions.h */ = {isa = PBXFileReference; fileEncoding = 4; lastKnownFileType = sourcecode.c.h; path = "UIColor+Additions.h"; sourceTree = "<group>"; };
		341C36751A23EF1A00CA10AB /* UIColor+Additions.m */ = {isa = PBXFileReference; fileEncoding = 4; lastKnownFileType = sourcecode.c.objc; path = "UIColor+Additions.m"; sourceTree = "<group>"; };
		34E77ACA1A211A150083241E /* WatchNotes.app */ = {isa = PBXFileReference; explicitFileType = wrapper.application; includeInIndex = 0; path = WatchNotes.app; sourceTree = BUILT_PRODUCTS_DIR; };
		34E77ACE1A211A150083241E /* Info.plist */ = {isa = PBXFileReference; lastKnownFileType = text.plist.xml; path = Info.plist; sourceTree = "<group>"; };
		34E77ACF1A211A150083241E /* AppDelegate.swift */ = {isa = PBXFileReference; lastKnownFileType = sourcecode.swift; path = AppDelegate.swift; sourceTree = "<group>"; };
		34E77AD11A211A150083241E /* ViewController.swift */ = {isa = PBXFileReference; lastKnownFileType = sourcecode.swift; path = ViewController.swift; sourceTree = "<group>"; };
		34E77AD41A211A150083241E /* Base */ = {isa = PBXFileReference; lastKnownFileType = file.storyboard; name = Base; path = Base.lproj/Main.storyboard; sourceTree = "<group>"; };
		34E77AD61A211A150083241E /* Images.xcassets */ = {isa = PBXFileReference; lastKnownFileType = folder.assetcatalog; path = Images.xcassets; sourceTree = "<group>"; };
		34E77AD91A211A150083241E /* Base */ = {isa = PBXFileReference; lastKnownFileType = file.xib; name = Base; path = Base.lproj/LaunchScreen.xib; sourceTree = "<group>"; };
		34E77ADF1A211A150083241E /* WatchNotesTests.xctest */ = {isa = PBXFileReference; explicitFileType = wrapper.cfbundle; includeInIndex = 0; path = WatchNotesTests.xctest; sourceTree = BUILT_PRODUCTS_DIR; };
		34E77AE41A211A150083241E /* Info.plist */ = {isa = PBXFileReference; lastKnownFileType = text.plist.xml; path = Info.plist; sourceTree = "<group>"; };
		34E77AE51A211A150083241E /* WatchNotesTests.swift */ = {isa = PBXFileReference; lastKnownFileType = sourcecode.swift; path = WatchNotesTests.swift; sourceTree = "<group>"; };
		34E77AEF1A211B690083241E /* WatchNotes.entitlements */ = {isa = PBXFileReference; lastKnownFileType = text.xml; path = WatchNotes.entitlements; sourceTree = "<group>"; };
		34E77AF41A211B800083241E /* WatchNotes WatchKit Extension.appex */ = {isa = PBXFileReference; explicitFileType = "wrapper.app-extension"; includeInIndex = 0; path = "WatchNotes WatchKit Extension.appex"; sourceTree = BUILT_PRODUCTS_DIR; };
		34E77AF61A211B800083241E /* WatchKit.framework */ = {isa = PBXFileReference; lastKnownFileType = wrapper.framework; name = WatchKit.framework; path = System/Library/Frameworks/WatchKit.framework; sourceTree = SDKROOT; };
		34E77AFA1A211B800083241E /* Info.plist */ = {isa = PBXFileReference; lastKnownFileType = text.plist.xml; path = Info.plist; sourceTree = "<group>"; };
		34E77AFB1A211B800083241E /* PushNotificationPayload.json */ = {isa = PBXFileReference; lastKnownFileType = text.json; path = PushNotificationPayload.json; sourceTree = "<group>"; };
		34E77AFC1A211B800083241E /* InterfaceController.swift */ = {isa = PBXFileReference; lastKnownFileType = sourcecode.swift; path = InterfaceController.swift; sourceTree = "<group>"; };
		34E77AFE1A211B800083241E /* NotificationController.swift */ = {isa = PBXFileReference; lastKnownFileType = sourcecode.swift; path = NotificationController.swift; sourceTree = "<group>"; };
		34E77B001A211B800083241E /* Images.xcassets */ = {isa = PBXFileReference; lastKnownFileType = folder.assetcatalog; path = Images.xcassets; sourceTree = "<group>"; };
		34E77B041A211B800083241E /* WatchNotes Watch App.app */ = {isa = PBXFileReference; explicitFileType = wrapper.application; includeInIndex = 0; path = "WatchNotes Watch App.app"; sourceTree = BUILT_PRODUCTS_DIR; };
		34E77B0A1A211B800083241E /* Info.plist */ = {isa = PBXFileReference; lastKnownFileType = text.plist.xml; path = Info.plist; sourceTree = "<group>"; };
		34E77B0B1A211B800083241E /* Interface.storyboard */ = {isa = PBXFileReference; lastKnownFileType = file.storyboard; path = Interface.storyboard; sourceTree = "<group>"; };
		34E77B0D1A211B800083241E /* Images.xcassets */ = {isa = PBXFileReference; lastKnownFileType = folder.assetcatalog; path = Images.xcassets; sourceTree = "<group>"; };
		34E77B191A211BA20083241E /* WatchNotes WatchKit Extension.entitlements */ = {isa = PBXFileReference; lastKnownFileType = text.xml; path = "WatchNotes WatchKit Extension.entitlements"; sourceTree = "<group>"; };
		34E77B1A1A211DBD0083241E /* NotesTableRowController.swift */ = {isa = PBXFileReference; fileEncoding = 4; lastKnownFileType = sourcecode.swift; path = NotesTableRowController.swift; sourceTree = "<group>"; };
		34E77B1C1A2171930083241E /* NotesTableViewController.swift */ = {isa = PBXFileReference; fileEncoding = 4; lastKnownFileType = sourcecode.swift; path = NotesTableViewController.swift; sourceTree = "<group>"; };
/* End PBXFileReference section */

/* Begin PBXFrameworksBuildPhase section */
		34E77AC71A211A150083241E /* Frameworks */ = {
			isa = PBXFrameworksBuildPhase;
			buildActionMask = 2147483647;
			files = (
			);
			runOnlyForDeploymentPostprocessing = 0;
		};
		34E77ADC1A211A150083241E /* Frameworks */ = {
			isa = PBXFrameworksBuildPhase;
			buildActionMask = 2147483647;
			files = (
			);
			runOnlyForDeploymentPostprocessing = 0;
		};
		34E77AF11A211B800083241E /* Frameworks */ = {
			isa = PBXFrameworksBuildPhase;
			buildActionMask = 2147483647;
			files = (
				34E77AF71A211B800083241E /* WatchKit.framework in Frameworks */,
			);
			runOnlyForDeploymentPostprocessing = 0;
		};
/* End PBXFrameworksBuildPhase section */

/* Begin PBXGroup section */
		34E77AC11A211A150083241E = {
			isa = PBXGroup;
			children = (
				34E77ACC1A211A150083241E /* WatchNotes */,
				34E77AE21A211A150083241E /* WatchNotesTests */,
				34E77AF81A211B800083241E /* WatchNotes WatchKit Extension */,
				34E77B081A211B800083241E /* WatchNotes Watch App */,
				34E77AF51A211B800083241E /* Frameworks */,
				34E77ACB1A211A150083241E /* Products */,
			);
			sourceTree = "<group>";
		};
		34E77ACB1A211A150083241E /* Products */ = {
			isa = PBXGroup;
			children = (
				34E77ACA1A211A150083241E /* WatchNotes.app */,
				34E77ADF1A211A150083241E /* WatchNotesTests.xctest */,
				34E77AF41A211B800083241E /* WatchNotes WatchKit Extension.appex */,
				34E77B041A211B800083241E /* WatchNotes Watch App.app */,
			);
			name = Products;
			sourceTree = "<group>";
		};
		34E77ACC1A211A150083241E /* WatchNotes */ = {
			isa = PBXGroup;
			children = (
				341C36741A23EF1A00CA10AB /* UIColor+Additions.h */,
				341C36751A23EF1A00CA10AB /* UIColor+Additions.m */,
				34E77AEF1A211B690083241E /* WatchNotes.entitlements */,
				34E77ACF1A211A150083241E /* AppDelegate.swift */,
				34E77AD11A211A150083241E /* ViewController.swift */,
				34E77B1C1A2171930083241E /* NotesTableViewController.swift */,
				34E77AD31A211A150083241E /* Main.storyboard */,
				34E77AD61A211A150083241E /* Images.xcassets */,
				34E77AD81A211A150083241E /* LaunchScreen.xib */,
				341C36731A23EF1900CA10AB /* WatchNotes-Bridging-Header.h */,
				34E77ACD1A211A150083241E /* Supporting Files */,
			);
			path = WatchNotes;
			sourceTree = "<group>";
		};
		34E77ACD1A211A150083241E /* Supporting Files */ = {
			isa = PBXGroup;
			children = (
				34E77ACE1A211A150083241E /* Info.plist */,
			);
			name = "Supporting Files";
			sourceTree = "<group>";
		};
		34E77AE21A211A150083241E /* WatchNotesTests */ = {
			isa = PBXGroup;
			children = (
				34E77AE51A211A150083241E /* WatchNotesTests.swift */,
				34E77AE31A211A150083241E /* Supporting Files */,
			);
			path = WatchNotesTests;
			sourceTree = "<group>";
		};
		34E77AE31A211A150083241E /* Supporting Files */ = {
			isa = PBXGroup;
			children = (
				34E77AE41A211A150083241E /* Info.plist */,
			);
			name = "Supporting Files";
			sourceTree = "<group>";
		};
		34E77AF51A211B800083241E /* Frameworks */ = {
			isa = PBXGroup;
			children = (
				34E77AF61A211B800083241E /* WatchKit.framework */,
			);
			name = Frameworks;
			sourceTree = "<group>";
		};
		34E77AF81A211B800083241E /* WatchNotes WatchKit Extension */ = {
			isa = PBXGroup;
			children = (
				34E77B191A211BA20083241E /* WatchNotes WatchKit Extension.entitlements */,
				34E77AFC1A211B800083241E /* InterfaceController.swift */,
				34E77AFE1A211B800083241E /* NotificationController.swift */,
				34E77B001A211B800083241E /* Images.xcassets */,
				34E77AF91A211B800083241E /* Supporting Files */,
				34E77B1A1A211DBD0083241E /* NotesTableRowController.swift */,
			);
			path = "WatchNotes WatchKit Extension";
			sourceTree = "<group>";
		};
		34E77AF91A211B800083241E /* Supporting Files */ = {
			isa = PBXGroup;
			children = (
				34E77AFA1A211B800083241E /* Info.plist */,
				34E77AFB1A211B800083241E /* PushNotificationPayload.json */,
			);
			name = "Supporting Files";
			sourceTree = "<group>";
		};
		34E77B081A211B800083241E /* WatchNotes Watch App */ = {
			isa = PBXGroup;
			children = (
				34E77B0B1A211B800083241E /* Interface.storyboard */,
				34E77B0D1A211B800083241E /* Images.xcassets */,
				34E77B091A211B800083241E /* Supporting Files */,
			);
			path = "WatchNotes Watch App";
			sourceTree = "<group>";
		};
		34E77B091A211B800083241E /* Supporting Files */ = {
			isa = PBXGroup;
			children = (
				34E77B0A1A211B800083241E /* Info.plist */,
			);
			name = "Supporting Files";
			sourceTree = "<group>";
		};
/* End PBXGroup section */

/* Begin PBXNativeTarget section */
		34E77AC91A211A150083241E /* WatchNotes */ = {
			isa = PBXNativeTarget;
			buildConfigurationList = 34E77AE91A211A150083241E /* Build configuration list for PBXNativeTarget "WatchNotes" */;
			buildPhases = (
				34E77AC61A211A150083241E /* Sources */,
				34E77AC71A211A150083241E /* Frameworks */,
				34E77AC81A211A150083241E /* Resources */,
				34E77B181A211B800083241E /* Embed App Extensions */,
			);
			buildRules = (
			);
			dependencies = (
				34E77B101A211B800083241E /* PBXTargetDependency */,
			);
			name = WatchNotes;
			productName = WatchNotes;
			productReference = 34E77ACA1A211A150083241E /* WatchNotes.app */;
			productType = "com.apple.product-type.application";
		};
		34E77ADE1A211A150083241E /* WatchNotesTests */ = {
			isa = PBXNativeTarget;
			buildConfigurationList = 34E77AEC1A211A150083241E /* Build configuration list for PBXNativeTarget "WatchNotesTests" */;
			buildPhases = (
				34E77ADB1A211A150083241E /* Sources */,
				34E77ADC1A211A150083241E /* Frameworks */,
				34E77ADD1A211A150083241E /* Resources */,
			);
			buildRules = (
			);
			dependencies = (
				34E77AE11A211A150083241E /* PBXTargetDependency */,
			);
			name = WatchNotesTests;
			productName = WatchNotesTests;
			productReference = 34E77ADF1A211A150083241E /* WatchNotesTests.xctest */;
			productType = "com.apple.product-type.bundle.unit-test";
		};
		34E77AF31A211B800083241E /* WatchNotes WatchKit Extension */ = {
			isa = PBXNativeTarget;
			buildConfigurationList = 34E77B151A211B800083241E /* Build configuration list for PBXNativeTarget "WatchNotes WatchKit Extension" */;
			buildPhases = (
				34E77AF01A211B800083241E /* Sources */,
				34E77AF11A211B800083241E /* Frameworks */,
				34E77AF21A211B800083241E /* Resources */,
			);
			buildRules = (
			);
			dependencies = (
				34E77B071A211B800083241E /* PBXTargetDependency */,
			);
			name = "WatchNotes WatchKit Extension";
			productName = "WatchNotes WatchKit Extension";
			productReference = 34E77AF41A211B800083241E /* WatchNotes WatchKit Extension.appex */;
			productType = "com.apple.product-type.watchkit-extension";
		};
		34E77B031A211B800083241E /* WatchNotes Watch App */ = {
			isa = PBXNativeTarget;
			buildConfigurationList = 34E77B121A211B800083241E /* Build configuration list for PBXNativeTarget "WatchNotes Watch App" */;
			buildPhases = (
				34E77B021A211B800083241E /* Resources */,
			);
			buildRules = (
			);
			dependencies = (
			);
			name = "WatchNotes Watch App";
			productName = "WatchNotes Watch App";
			productReference = 34E77B041A211B800083241E /* WatchNotes Watch App.app */;
			productType = "com.apple.product-type.application.watchapp";
		};
/* End PBXNativeTarget section */

/* Begin PBXProject section */
		34E77AC21A211A150083241E /* Project object */ = {
			isa = PBXProject;
			attributes = {
				LastUpgradeCheck = 0620;
				ORGANIZATIONNAME = "AzamSharp Consulting LLC";
				TargetAttributes = {
					34E77AC91A211A150083241E = {
						CreatedOnToolsVersion = 6.2;
						DevelopmentTeam = B2Q8EGNCQA;
						SystemCapabilities = {
							com.apple.ApplicationGroups.iOS = {
								enabled = 1;
							};
						};
					};
					34E77ADE1A211A150083241E = {
						CreatedOnToolsVersion = 6.2;
						TestTargetID = 34E77AC91A211A150083241E;
					};
					34E77AF31A211B800083241E = {
						CreatedOnToolsVersion = 6.2;
						DevelopmentTeam = B2Q8EGNCQA;
						SystemCapabilities = {
							com.apple.ApplicationGroups.iOS = {
								enabled = 1;
							};
						};
					};
					34E77B031A211B800083241E = {
						CreatedOnToolsVersion = 6.2;
					};
				};
			};
			buildConfigurationList = 34E77AC51A211A150083241E /* Build configuration list for PBXProject "WatchNotes" */;
			compatibilityVersion = "Xcode 3.2";
			developmentRegion = English;
			hasScannedForEncodings = 0;
			knownRegions = (
				en,
				Base,
			);
			mainGroup = 34E77AC11A211A150083241E;
			productRefGroup = 34E77ACB1A211A150083241E /* Products */;
			projectDirPath = "";
			projectRoot = "";
			targets = (
				34E77AC91A211A150083241E /* WatchNotes */,
				34E77ADE1A211A150083241E /* WatchNotesTests */,
				34E77AF31A211B800083241E /* WatchNotes WatchKit Extension */,
				34E77B031A211B800083241E /* WatchNotes Watch App */,
			);
		};
/* End PBXProject section */

/* Begin PBXResourcesBuildPhase section */
		34E77AC81A211A150083241E /* Resources */ = {
			isa = PBXResourcesBuildPhase;
			buildActionMask = 2147483647;
			files = (
				34E77AD51A211A150083241E /* Main.storyboard in Resources */,
				34E77ADA1A211A150083241E /* LaunchScreen.xib in Resources */,
				34E77AD71A211A150083241E /* Images.xcassets in Resources */,
			);
			runOnlyForDeploymentPostprocessing = 0;
		};
		34E77ADD1A211A150083241E /* Resources */ = {
			isa = PBXResourcesBuildPhase;
			buildActionMask = 2147483647;
			files = (
			);
			runOnlyForDeploymentPostprocessing = 0;
		};
		34E77AF21A211B800083241E /* Resources */ = {
			isa = PBXResourcesBuildPhase;
			buildActionMask = 2147483647;
			files = (
				34E77B011A211B800083241E /* Images.xcassets in Resources */,
				34E77B051A211B800083241E /* WatchNotes Watch App.app in Resources */,
			);
			runOnlyForDeploymentPostprocessing = 0;
		};
		34E77B021A211B800083241E /* Resources */ = {
			isa = PBXResourcesBuildPhase;
			buildActionMask = 2147483647;
			files = (
				34E77B0C1A211B800083241E /* Interface.storyboard in Resources */,
				34E77B0E1A211B800083241E /* Images.xcassets in Resources */,
			);
			runOnlyForDeploymentPostprocessing = 0;
		};
/* End PBXResourcesBuildPhase section */

/* Begin PBXSourcesBuildPhase section */
		34E77AC61A211A150083241E /* Sources */ = {
			isa = PBXSourcesBuildPhase;
			buildActionMask = 2147483647;
			files = (
				34E77AD21A211A150083241E /* ViewController.swift in Sources */,
				341C36761A23EF1A00CA10AB /* UIColor+Additions.m in Sources */,
				34E77AD01A211A150083241E /* AppDelegate.swift in Sources */,
				34E77B1D1A2171930083241E /* NotesTableViewController.swift in Sources */,
			);
			runOnlyForDeploymentPostprocessing = 0;
		};
		34E77ADB1A211A150083241E /* Sources */ = {
			isa = PBXSourcesBuildPhase;
			buildActionMask = 2147483647;
			files = (
				34E77AE61A211A150083241E /* WatchNotesTests.swift in Sources */,
			);
			runOnlyForDeploymentPostprocessing = 0;
		};
		34E77AF01A211B800083241E /* Sources */ = {
			isa = PBXSourcesBuildPhase;
			buildActionMask = 2147483647;
			files = (
				34E77B1B1A211DBD0083241E /* NotesTableRowController.swift in Sources */,
				34E77AFF1A211B800083241E /* NotificationController.swift in Sources */,
				34E77AFD1A211B800083241E /* InterfaceController.swift in Sources */,
			);
			runOnlyForDeploymentPostprocessing = 0;
		};
/* End PBXSourcesBuildPhase section */

/* Begin PBXTargetDependency section */
		34E77AE11A211A150083241E /* PBXTargetDependency */ = {
			isa = PBXTargetDependency;
			target = 34E77AC91A211A150083241E /* WatchNotes */;
			targetProxy = 34E77AE01A211A150083241E /* PBXContainerItemProxy */;
		};
		34E77B071A211B800083241E /* PBXTargetDependency */ = {
			isa = PBXTargetDependency;
			target = 34E77B031A211B800083241E /* WatchNotes Watch App */;
			targetProxy = 34E77B061A211B800083241E /* PBXContainerItemProxy */;
		};
		34E77B101A211B800083241E /* PBXTargetDependency */ = {
			isa = PBXTargetDependency;
			target = 34E77AF31A211B800083241E /* WatchNotes WatchKit Extension */;
			targetProxy = 34E77B0F1A211B800083241E /* PBXContainerItemProxy */;
		};
/* End PBXTargetDependency section */

/* Begin PBXVariantGroup section */
		34E77AD31A211A150083241E /* Main.storyboard */ = {
			isa = PBXVariantGroup;
			children = (
				34E77AD41A211A150083241E /* Base */,
			);
			name = Main.storyboard;
			sourceTree = "<group>";
		};
		34E77AD81A211A150083241E /* LaunchScreen.xib */ = {
			isa = PBXVariantGroup;
			children = (
				34E77AD91A211A150083241E /* Base */,
			);
			name = LaunchScreen.xib;
			sourceTree = "<group>";
		};
/* End PBXVariantGroup section */

/* Begin XCBuildConfiguration section */
		34E77AE71A211A150083241E /* Debug */ = {
			isa = XCBuildConfiguration;
			buildSettings = {
				ALWAYS_SEARCH_USER_PATHS = NO;
				CLANG_CXX_LANGUAGE_STANDARD = "gnu++0x";
				CLANG_CXX_LIBRARY = "libc++";
				CLANG_ENABLE_MODULES = YES;
				CLANG_ENABLE_OBJC_ARC = YES;
				CLANG_WARN_BOOL_CONVERSION = YES;
				CLANG_WARN_CONSTANT_CONVERSION = YES;
				CLANG_WARN_DIRECT_OBJC_ISA_USAGE = YES_ERROR;
				CLANG_WARN_EMPTY_BODY = YES;
				CLANG_WARN_ENUM_CONVERSION = YES;
				CLANG_WARN_INT_CONVERSION = YES;
				CLANG_WARN_OBJC_ROOT_CLASS = YES_ERROR;
				CLANG_WARN_UNREACHABLE_CODE = YES;
				CLANG_WARN__DUPLICATE_METHOD_MATCH = YES;
				"CODE_SIGN_IDENTITY[sdk=iphoneos*]" = "iPhone Developer";
				COPY_PHASE_STRIP = NO;
				ENABLE_STRICT_OBJC_MSGSEND = YES;
				GCC_C_LANGUAGE_STANDARD = gnu99;
				GCC_DYNAMIC_NO_PIC = NO;
				GCC_OPTIMIZATION_LEVEL = 0;
				GCC_PREPROCESSOR_DEFINITIONS = (
					"DEBUG=1",
					"$(inherited)",
				);
				GCC_SYMBOLS_PRIVATE_EXTERN = NO;
				GCC_WARN_64_TO_32_BIT_CONVERSION = YES;
				GCC_WARN_ABOUT_RETURN_TYPE = YES_ERROR;
				GCC_WARN_UNDECLARED_SELECTOR = YES;
				GCC_WARN_UNINITIALIZED_AUTOS = YES_AGGRESSIVE;
				GCC_WARN_UNUSED_FUNCTION = YES;
				GCC_WARN_UNUSED_VARIABLE = YES;
				IPHONEOS_DEPLOYMENT_TARGET = 8.2;
				MTL_ENABLE_DEBUG_INFO = YES;
				ONLY_ACTIVE_ARCH = YES;
				SDKROOT = iphoneos;
				SWIFT_OPTIMIZATION_LEVEL = "-Onone";
			};
			name = Debug;
		};
		34E77AE81A211A150083241E /* Release */ = {
			isa = XCBuildConfiguration;
			buildSettings = {
				ALWAYS_SEARCH_USER_PATHS = NO;
				CLANG_CXX_LANGUAGE_STANDARD = "gnu++0x";
				CLANG_CXX_LIBRARY = "libc++";
				CLANG_ENABLE_MODULES = YES;
				CLANG_ENABLE_OBJC_ARC = YES;
				CLANG_WARN_BOOL_CONVERSION = YES;
				CLANG_WARN_CONSTANT_CONVERSION = YES;
				CLANG_WARN_DIRECT_OBJC_ISA_USAGE = YES_ERROR;
				CLANG_WARN_EMPTY_BODY = YES;
				CLANG_WARN_ENUM_CONVERSION = YES;
				CLANG_WARN_INT_CONVERSION = YES;
				CLANG_WARN_OBJC_ROOT_CLASS = YES_ERROR;
				CLANG_WARN_UNREACHABLE_CODE = YES;
				CLANG_WARN__DUPLICATE_METHOD_MATCH = YES;
				"CODE_SIGN_IDENTITY[sdk=iphoneos*]" = "iPhone Developer";
				COPY_PHASE_STRIP = YES;
				ENABLE_NS_ASSERTIONS = NO;
				ENABLE_STRICT_OBJC_MSGSEND = YES;
				GCC_C_LANGUAGE_STANDARD = gnu99;
				GCC_WARN_64_TO_32_BIT_CONVERSION = YES;
				GCC_WARN_ABOUT_RETURN_TYPE = YES_ERROR;
				GCC_WARN_UNDECLARED_SELECTOR = YES;
				GCC_WARN_UNINITIALIZED_AUTOS = YES_AGGRESSIVE;
				GCC_WARN_UNUSED_FUNCTION = YES;
				GCC_WARN_UNUSED_VARIABLE = YES;
				IPHONEOS_DEPLOYMENT_TARGET = 8.2;
				MTL_ENABLE_DEBUG_INFO = NO;
				SDKROOT = iphoneos;
				VALIDATE_PRODUCT = YES;
			};
			name = Release;
		};
		34E77AEA1A211A150083241E /* Debug */ = {
			isa = XCBuildConfiguration;
			buildSettings = {
				ASSETCATALOG_COMPILER_APPICON_NAME = AppIcon;
				CLANG_ENABLE_MODULES = YES;
				CODE_SIGN_ENTITLEMENTS = WatchNotes/WatchNotes.entitlements;
				EMBEDDED_CONTENT_CONTAINS_SWIFT = YES;
				INFOPLIST_FILE = WatchNotes/Info.plist;
				LD_RUNPATH_SEARCH_PATHS = "$(inherited) @executable_path/Frameworks";
				PRODUCT_NAME = "$(TARGET_NAME)";
				SWIFT_OBJC_BRIDGING_HEADER = "WatchNotes/WatchNotes-Bridging-Header.h";
				SWIFT_OPTIMIZATION_LEVEL = "-Onone";
			};
			name = Debug;
		};
		34E77AEB1A211A150083241E /* Release */ = {
			isa = XCBuildConfiguration;
			buildSettings = {
				ASSETCATALOG_COMPILER_APPICON_NAME = AppIcon;
				CLANG_ENABLE_MODULES = YES;
				CODE_SIGN_ENTITLEMENTS = WatchNotes/WatchNotes.entitlements;
				EMBEDDED_CONTENT_CONTAINS_SWIFT = YES;
				INFOPLIST_FILE = WatchNotes/Info.plist;
				LD_RUNPATH_SEARCH_PATHS = "$(inherited) @executable_path/Frameworks";
				PRODUCT_NAME = "$(TARGET_NAME)";
				SWIFT_OBJC_BRIDGING_HEADER = "WatchNotes/WatchNotes-Bridging-Header.h";
			};
			name = Release;
		};
		34E77AED1A211A150083241E /* Debug */ = {
			isa = XCBuildConfiguration;
			buildSettings = {
				BUNDLE_LOADER = "$(TEST_HOST)";
				FRAMEWORK_SEARCH_PATHS = (
					"$(SDKROOT)/Developer/Library/Frameworks",
					"$(inherited)",
				);
				GCC_PREPROCESSOR_DEFINITIONS = (
					"DEBUG=1",
					"$(inherited)",
				);
				INFOPLIST_FILE = WatchNotesTests/Info.plist;
				LD_RUNPATH_SEARCH_PATHS = "$(inherited) @executable_path/Frameworks @loader_path/Frameworks";
				PRODUCT_NAME = "$(TARGET_NAME)";
				TEST_HOST = "$(BUILT_PRODUCTS_DIR)/WatchNotes.app/WatchNotes";
			};
			name = Debug;
		};
		34E77AEE1A211A150083241E /* Release */ = {
			isa = XCBuildConfiguration;
			buildSettings = {
				BUNDLE_LOADER = "$(TEST_HOST)";
				FRAMEWORK_SEARCH_PATHS = (
					"$(SDKROOT)/Developer/Library/Frameworks",
					"$(inherited)",
				);
				INFOPLIST_FILE = WatchNotesTests/Info.plist;
				LD_RUNPATH_SEARCH_PATHS = "$(inherited) @executable_path/Frameworks @loader_path/Frameworks";
				PRODUCT_NAME = "$(TARGET_NAME)";
				TEST_HOST = "$(BUILT_PRODUCTS_DIR)/WatchNotes.app/WatchNotes";
			};
			name = Release;
		};
		34E77B131A211B800083241E /* Debug */ = {
			isa = XCBuildConfiguration;
			buildSettings = {
				ASSETCATALOG_COMPILER_APPICON_NAME = AppIcon;
				ASSETCATALOG_COMPILER_LAUNCHIMAGE_NAME = LaunchImage;
				GCC_PREPROCESSOR_DEFINITIONS = (
					"DEBUG=1",
					"$(inherited)",
				);
				IBSC_MODULE = WatchNotes_WatchKit_Extension;
				INFOPLIST_FILE = "WatchNotes Watch App/Info.plist";
				PRODUCT_NAME = "$(TARGET_NAME)";
				SKIP_INSTALL = YES;
				TARGETED_DEVICE_FAMILY = 4;
				"TARGETED_DEVICE_FAMILY[sdk=iphonesimulator*]" = "1,4";
			};
			name = Debug;
		};
		34E77B141A211B800083241E /* Release */ = {
			isa = XCBuildConfiguration;
			buildSettings = {
				ASSETCATALOG_COMPILER_APPICON_NAME = AppIcon;
				ASSETCATALOG_COMPILER_LAUNCHIMAGE_NAME = LaunchImage;
				IBSC_MODULE = WatchNotes_WatchKit_Extension;
				INFOPLIST_FILE = "WatchNotes Watch App/Info.plist";
				PRODUCT_NAME = "$(TARGET_NAME)";
				SKIP_INSTALL = YES;
				TARGETED_DEVICE_FAMILY = 4;
				"TARGETED_DEVICE_FAMILY[sdk=iphonesimulator*]" = "1,4";
			};
			name = Release;
		};
		34E77B161A211B800083241E /* Debug */ = {
			isa = XCBuildConfiguration;
			buildSettings = {
				CODE_SIGN_ENTITLEMENTS = "WatchNotes WatchKit Extension/WatchNotes WatchKit Extension.entitlements";
				CODE_SIGN_IDENTITY = "iPhone Developer";
				"CODE_SIGN_IDENTITY[sdk=iphoneos*]" = "iPhone Developer";
				GCC_PREPROCESSOR_DEFINITIONS = (
					"DEBUG=1",
					"$(inherited)",
				);
				INFOPLIST_FILE = "WatchNotes WatchKit Extension/Info.plist";
				LD_RUNPATH_SEARCH_PATHS = "$(inherited) @executable_path/Frameworks @executable_path/../../Frameworks";
				PRODUCT_NAME = "${TARGET_NAME}";
				PROVISIONING_PROFILE = "";
				SKIP_INSTALL = YES;
			};
			name = Debug;
		};
		34E77B171A211B800083241E /* Release */ = {
			isa = XCBuildConfiguration;
			buildSettings = {
				CODE_SIGN_ENTITLEMENTS = "WatchNotes WatchKit Extension/WatchNotes WatchKit Extension.entitlements";
				CODE_SIGN_IDENTITY = "iPhone Developer";
				"CODE_SIGN_IDENTITY[sdk=iphoneos*]" = "iPhone Developer";
				INFOPLIST_FILE = "WatchNotes WatchKit Extension/Info.plist";
				LD_RUNPATH_SEARCH_PATHS = "$(inherited) @executable_path/Frameworks @executable_path/../../Frameworks";
				PRODUCT_NAME = "${TARGET_NAME}";
				PROVISIONING_PROFILE = "";
				SKIP_INSTALL = YES;
			};
			name = Release;
		};
/* End XCBuildConfiguration section */

/* Begin XCConfigurationList section */
		34E77AC51A211A150083241E /* Build configuration list for PBXProject "WatchNotes" */ = {
			isa = XCConfigurationList;
			buildConfigurations = (
				34E77AE71A211A150083241E /* Debug */,
				34E77AE81A211A150083241E /* Release */,
			);
			defaultConfigurationIsVisible = 0;
			defaultConfigurationName = Release;
		};
		34E77AE91A211A150083241E /* Build configuration list for PBXNativeTarget "WatchNotes" */ = {
			isa = XCConfigurationList;
			buildConfigurations = (
				34E77AEA1A211A150083241E /* Debug */,
				34E77AEB1A211A150083241E /* Release */,
			);
			defaultConfigurationIsVisible = 0;
			defaultConfigurationName = Release;
		};
		34E77AEC1A211A150083241E /* Build configuration list for PBXNativeTarget "WatchNotesTests" */ = {
			isa = XCConfigurationList;
			buildConfigurations = (
				34E77AED1A211A150083241E /* Debug */,
				34E77AEE1A211A150083241E /* Release */,
			);
			defaultConfigurationIsVisible = 0;
			defaultConfigurationName = Release;
		};
		34E77B121A211B800083241E /* Build configuration list for PBXNativeTarget "WatchNotes Watch App" */ = {
			isa = XCConfigurationList;
			buildConfigurations = (
				34E77B131A211B800083241E /* Debug */,
				34E77B141A211B800083241E /* Release */,
			);
			defaultConfigurationIsVisible = 0;
			defaultConfigurationName = Release;
		};
		34E77B151A211B800083241E /* Build configuration list for PBXNativeTarget "WatchNotes WatchKit Extension" */ = {
			isa = XCConfigurationList;
			buildConfigurations = (
				34E77B161A211B800083241E /* Debug */,
				34E77B171A211B800083241E /* Release */,
			);
			defaultConfigurationIsVisible = 0;
			defaultConfigurationName = Release;
		};
/* End XCConfigurationList section */
	};
	rootObject = 34E77AC21A211A150083241E /* Project object */;
}
